// !$*UTF8*$!
{
	archiveVersion = 1;
	classes = {
	};
	objectVersion = 56;
	objects = {

/* Begin PBXBuildFile section */
		5E2588A02B0E83DF00C135C1 /* baner.json in Resources */ = {isa = PBXBuildFile; fileRef = 5E25889F2B0E83DF00C135C1 /* baner.json */; };
		5E2588A22B0E874400C135C1 /* BanerModel.swift in Sources */ = {isa = PBXBuildFile; fileRef = 5E2588A12B0E874400C135C1 /* BanerModel.swift */; };
		5E2588A42B0E879300C135C1 /* CodableBundleExtension.swift in Sources */ = {isa = PBXBuildFile; fileRef = 5E2588A32B0E879300C135C1 /* CodableBundleExtension.swift */; };
		5E2588A62B0E892800C135C1 /* BanerView.swift in Sources */ = {isa = PBXBuildFile; fileRef = 5E2588A52B0E892800C135C1 /* BanerView.swift */; };
		5E2588A82B0E89DC00C135C1 /* BanerTabView.swift in Sources */ = {isa = PBXBuildFile; fileRef = 5E2588A72B0E89DC00C135C1 /* BanerTabView.swift */; };
		5E2588AA2B0EA0D900C135C1 /* category.json in Resources */ = {isa = PBXBuildFile; fileRef = 5E2588A92B0EA0D900C135C1 /* category.json */; };
		5E2588AC2B0EA11600C135C1 /* CategoryModel.swift in Sources */ = {isa = PBXBuildFile; fileRef = 5E2588AB2B0EA11600C135C1 /* CategoryModel.swift */; };
		5E2588AE2B0EA24700C135C1 /* CategoryItemView.swift in Sources */ = {isa = PBXBuildFile; fileRef = 5E2588AD2B0EA24700C135C1 /* CategoryItemView.swift */; };
		5E2588B02B0EA45E00C135C1 /* CategoryGridView.swift in Sources */ = {isa = PBXBuildFile; fileRef = 5E2588AF2B0EA45E00C135C1 /* CategoryGridView.swift */; };
		5E2588B22B0EA6CF00C135C1 /* SectionView.swift in Sources */ = {isa = PBXBuildFile; fileRef = 5E2588B12B0EA6CF00C135C1 /* SectionView.swift */; };
		5E4A4EA42B0ABBF400C2D97A /* OnlineStoreAppApp.swift in Sources */ = {isa = PBXBuildFile; fileRef = 5E4A4EA32B0ABBF400C2D97A /* OnlineStoreAppApp.swift */; };
		5E4A4EA62B0ABBF400C2D97A /* ContentView.swift in Sources */ = {isa = PBXBuildFile; fileRef = 5E4A4EA52B0ABBF400C2D97A /* ContentView.swift */; };
		5E4A4EA82B0ABBF500C2D97A /* Assets.xcassets in Resources */ = {isa = PBXBuildFile; fileRef = 5E4A4EA72B0ABBF500C2D97A /* Assets.xcassets */; };
		5E4A4EAB2B0ABBF500C2D97A /* Preview Assets.xcassets in Resources */ = {isa = PBXBuildFile; fileRef = 5E4A4EAA2B0ABBF500C2D97A /* Preview Assets.xcassets */; };
		5E4A4EBB2B0AC2E500C2D97A /* Constant.swift in Sources */ = {isa = PBXBuildFile; fileRef = 5E4A4EBA2B0AC2E500C2D97A /* Constant.swift */; };
		5E4A4EBD2B0AC4FD00C2D97A /* FooterView.swift in Sources */ = {isa = PBXBuildFile; fileRef = 5E4A4EBC2B0AC4FD00C2D97A /* FooterView.swift */; };
		5E4A4EBF2B0AC8BD00C2D97A /* NavigationBarView.swift in Sources */ = {isa = PBXBuildFile; fileRef = 5E4A4EBE2B0AC8BD00C2D97A /* NavigationBarView.swift */; };
		5E4A4EC12B0ACA2300C2D97A /* LogoView.swift in Sources */ = {isa = PBXBuildFile; fileRef = 5E4A4EC02B0ACA2300C2D97A /* LogoView.swift */; };
		5EC8B49D2B39C3EA0019F2FE /* QuantityFavouriteDetailView.swift in Sources */ = {isa = PBXBuildFile; fileRef = 5EC8B49C2B39C3EA0019F2FE /* QuantityFavouriteDetailView.swift */; };
		5EC8B49F2B39C61C0019F2FE /* AddToCartDetailView.swift in Sources */ = {isa = PBXBuildFile; fileRef = 5EC8B49E2B39C61C0019F2FE /* AddToCartDetailView.swift */; };
		5EEA64842B18795E00BBFFA8 /* TitleView.swift in Sources */ = {isa = PBXBuildFile; fileRef = 5EEA64832B18795E00BBFFA8 /* TitleView.swift */; };
		5EEA64862B187B5000BBFFA8 /* product.json in Resources */ = {isa = PBXBuildFile; fileRef = 5EEA64852B187B5000BBFFA8 /* product.json */; };
		5EEA64882B187C1C00BBFFA8 /* ProductModel.swift in Sources */ = {isa = PBXBuildFile; fileRef = 5EEA64872B187C1C00BBFFA8 /* ProductModel.swift */; };
		5EEA648A2B187CB000BBFFA8 /* ProductItemView.swift in Sources */ = {isa = PBXBuildFile; fileRef = 5EEA64892B187CB000BBFFA8 /* ProductItemView.swift */; };
		5EF819C22B267792007D928D /* ProductDetailView.swift in Sources */ = {isa = PBXBuildFile; fileRef = 5EF819C12B267792007D928D /* ProductDetailView.swift */; };
		5EF819C42B267893007D928D /* NavigationBarDetailView.swift in Sources */ = {isa = PBXBuildFile; fileRef = 5EF819C32B267893007D928D /* NavigationBarDetailView.swift */; };
		5EF819C62B2679A4007D928D /* HeaderDetailView.swift in Sources */ = {isa = PBXBuildFile; fileRef = 5EF819C52B2679A4007D928D /* HeaderDetailView.swift */; };
		5EF819C82B267A60007D928D /* TopPartDetailView.swift in Sources */ = {isa = PBXBuildFile; fileRef = 5EF819C72B267A60007D928D /* TopPartDetailView.swift */; };
		5EF819CA2B267F90007D928D /* CustomShape.swift in Sources */ = {isa = PBXBuildFile; fileRef = 5EF819C92B267F90007D928D /* CustomShape.swift */; };
		5EF819CC2B268299007D928D /* RatingsDetailView.swift in Sources */ = {isa = PBXBuildFile; fileRef = 5EF819CB2B268299007D928D /* RatingsDetailView.swift */; };
/* End PBXBuildFile section */

/* Begin PBXFileReference section */
		5E25889F2B0E83DF00C135C1 /* baner.json */ = {isa = PBXFileReference; fileEncoding = 4; lastKnownFileType = text.json; path = baner.json; sourceTree = "<group>"; };
		5E2588A12B0E874400C135C1 /* BanerModel.swift */ = {isa = PBXFileReference; lastKnownFileType = sourcecode.swift; path = BanerModel.swift; sourceTree = "<group>"; };
		5E2588A32B0E879300C135C1 /* CodableBundleExtension.swift */ = {isa = PBXFileReference; lastKnownFileType = sourcecode.swift; path = CodableBundleExtension.swift; sourceTree = "<group>"; };
		5E2588A52B0E892800C135C1 /* BanerView.swift */ = {isa = PBXFileReference; lastKnownFileType = sourcecode.swift; path = BanerView.swift; sourceTree = "<group>"; };
		5E2588A72B0E89DC00C135C1 /* BanerTabView.swift */ = {isa = PBXFileReference; lastKnownFileType = sourcecode.swift; path = BanerTabView.swift; sourceTree = "<group>"; };
		5E2588A92B0EA0D900C135C1 /* category.json */ = {isa = PBXFileReference; fileEncoding = 4; lastKnownFileType = text.json; path = category.json; sourceTree = "<group>"; };
		5E2588AB2B0EA11600C135C1 /* CategoryModel.swift */ = {isa = PBXFileReference; lastKnownFileType = sourcecode.swift; path = CategoryModel.swift; sourceTree = "<group>"; };
		5E2588AD2B0EA24700C135C1 /* CategoryItemView.swift */ = {isa = PBXFileReference; lastKnownFileType = sourcecode.swift; path = CategoryItemView.swift; sourceTree = "<group>"; };
		5E2588AF2B0EA45E00C135C1 /* CategoryGridView.swift */ = {isa = PBXFileReference; lastKnownFileType = sourcecode.swift; path = CategoryGridView.swift; sourceTree = "<group>"; };
		5E2588B12B0EA6CF00C135C1 /* SectionView.swift */ = {isa = PBXFileReference; lastKnownFileType = sourcecode.swift; path = SectionView.swift; sourceTree = "<group>"; };
		5E4A4EA02B0ABBF400C2D97A /* OnlineStoreApp.app */ = {isa = PBXFileReference; explicitFileType = wrapper.application; includeInIndex = 0; path = OnlineStoreApp.app; sourceTree = BUILT_PRODUCTS_DIR; };
		5E4A4EA32B0ABBF400C2D97A /* OnlineStoreAppApp.swift */ = {isa = PBXFileReference; lastKnownFileType = sourcecode.swift; path = OnlineStoreAppApp.swift; sourceTree = "<group>"; };
		5E4A4EA52B0ABBF400C2D97A /* ContentView.swift */ = {isa = PBXFileReference; lastKnownFileType = sourcecode.swift; path = ContentView.swift; sourceTree = "<group>"; };
		5E4A4EA72B0ABBF500C2D97A /* Assets.xcassets */ = {isa = PBXFileReference; lastKnownFileType = folder.assetcatalog; path = Assets.xcassets; sourceTree = "<group>"; };
		5E4A4EAA2B0ABBF500C2D97A /* Preview Assets.xcassets */ = {isa = PBXFileReference; lastKnownFileType = folder.assetcatalog; path = "Preview Assets.xcassets"; sourceTree = "<group>"; };
		5E4A4EB12B0ABE9000C2D97A /* Info.plist */ = {isa = PBXFileReference; lastKnownFileType = text.plist; path = Info.plist; sourceTree = "<group>"; };
		5E4A4EBA2B0AC2E500C2D97A /* Constant.swift */ = {isa = PBXFileReference; lastKnownFileType = sourcecode.swift; path = Constant.swift; sourceTree = "<group>"; };
		5E4A4EBC2B0AC4FD00C2D97A /* FooterView.swift */ = {isa = PBXFileReference; lastKnownFileType = sourcecode.swift; path = FooterView.swift; sourceTree = "<group>"; };
		5E4A4EBE2B0AC8BD00C2D97A /* NavigationBarView.swift */ = {isa = PBXFileReference; lastKnownFileType = sourcecode.swift; path = NavigationBarView.swift; sourceTree = "<group>"; };
		5E4A4EC02B0ACA2300C2D97A /* LogoView.swift */ = {isa = PBXFileReference; lastKnownFileType = sourcecode.swift; path = LogoView.swift; sourceTree = "<group>"; };
		5EC8B49C2B39C3EA0019F2FE /* QuantityFavouriteDetailView.swift */ = {isa = PBXFileReference; lastKnownFileType = sourcecode.swift; path = QuantityFavouriteDetailView.swift; sourceTree = "<group>"; };
		5EC8B49E2B39C61C0019F2FE /* AddToCartDetailView.swift */ = {isa = PBXFileReference; lastKnownFileType = sourcecode.swift; path = AddToCartDetailView.swift; sourceTree = "<group>"; };
		5EEA64832B18795E00BBFFA8 /* TitleView.swift */ = {isa = PBXFileReference; lastKnownFileType = sourcecode.swift; path = TitleView.swift; sourceTree = "<group>"; };
		5EEA64852B187B5000BBFFA8 /* product.json */ = {isa = PBXFileReference; fileEncoding = 4; lastKnownFileType = text.json; path = product.json; sourceTree = "<group>"; };
		5EEA64872B187C1C00BBFFA8 /* ProductModel.swift */ = {isa = PBXFileReference; lastKnownFileType = sourcecode.swift; path = ProductModel.swift; sourceTree = "<group>"; };
		5EEA64892B187CB000BBFFA8 /* ProductItemView.swift */ = {isa = PBXFileReference; lastKnownFileType = sourcecode.swift; path = ProductItemView.swift; sourceTree = "<group>"; };
		5EF819C12B267792007D928D /* ProductDetailView.swift */ = {isa = PBXFileReference; lastKnownFileType = sourcecode.swift; path = ProductDetailView.swift; sourceTree = "<group>"; };
		5EF819C32B267893007D928D /* NavigationBarDetailView.swift */ = {isa = PBXFileReference; lastKnownFileType = sourcecode.swift; path = NavigationBarDetailView.swift; sourceTree = "<group>"; };
		5EF819C52B2679A4007D928D /* HeaderDetailView.swift */ = {isa = PBXFileReference; lastKnownFileType = sourcecode.swift; path = HeaderDetailView.swift; sourceTree = "<group>"; };
		5EF819C72B267A60007D928D /* TopPartDetailView.swift */ = {isa = PBXFileReference; lastKnownFileType = sourcecode.swift; path = TopPartDetailView.swift; sourceTree = "<group>"; };
		5EF819C92B267F90007D928D /* CustomShape.swift */ = {isa = PBXFileReference; lastKnownFileType = sourcecode.swift; path = CustomShape.swift; sourceTree = "<group>"; };
		5EF819CB2B268299007D928D /* RatingsDetailView.swift */ = {isa = PBXFileReference; lastKnownFileType = sourcecode.swift; path = RatingsDetailView.swift; sourceTree = "<group>"; };
/* End PBXFileReference section */

/* Begin PBXFrameworksBuildPhase section */
		5E4A4E9D2B0ABBF400C2D97A /* Frameworks */ = {
			isa = PBXFrameworksBuildPhase;
			buildActionMask = 2147483647;
			files = (
			);
			runOnlyForDeploymentPostprocessing = 0;
		};
/* End PBXFrameworksBuildPhase section */

/* Begin PBXGroup section */
		5E4A4E972B0ABBF400C2D97A = {
			isa = PBXGroup;
			children = (
				5E4A4EA22B0ABBF400C2D97A /* OnlineStoreApp */,
				5E4A4EA12B0ABBF400C2D97A /* Products */,
			);
			sourceTree = "<group>";
		};
		5E4A4EA12B0ABBF400C2D97A /* Products */ = {
			isa = PBXGroup;
			children = (
				5E4A4EA02B0ABBF400C2D97A /* OnlineStoreApp.app */,
			);
			name = Products;
			sourceTree = "<group>";
		};
		5E4A4EA22B0ABBF400C2D97A /* OnlineStoreApp */ = {
			isa = PBXGroup;
			children = (
				5E4A4EB22B0AC20D00C2D97A /* App */,
				5E4A4EB32B0AC21B00C2D97A /* View */,
				5E4A4EB92B0AC28D00C2D97A /* Data */,
				5E4A4EB62B0AC24000C2D97A /* Model */,
				5E4A4EB72B0AC24D00C2D97A /* Extension */,
				5E4A4EB82B0AC25D00C2D97A /* Utility */,
				5E4A4EA72B0ABBF500C2D97A /* Assets.xcassets */,
				5E4A4EB12B0ABE9000C2D97A /* Info.plist */,
				5E4A4EA92B0ABBF500C2D97A /* Preview Content */,
			);
			path = OnlineStoreApp;
			sourceTree = "<group>";
		};
		5E4A4EA92B0ABBF500C2D97A /* Preview Content */ = {
			isa = PBXGroup;
			children = (
				5E4A4EAA2B0ABBF500C2D97A /* Preview Assets.xcassets */,
			);
			path = "Preview Content";
			sourceTree = "<group>";
		};
		5E4A4EB22B0AC20D00C2D97A /* App */ = {
			isa = PBXGroup;
			children = (
				5E4A4EA32B0ABBF400C2D97A /* OnlineStoreAppApp.swift */,
				5E4A4EA52B0ABBF400C2D97A /* ContentView.swift */,
				5EF819C12B267792007D928D /* ProductDetailView.swift */,
			);
			path = App;
			sourceTree = "<group>";
		};
		5E4A4EB32B0AC21B00C2D97A /* View */ = {
			isa = PBXGroup;
			children = (
				5E4A4EB42B0AC22900C2D97A /* Home */,
				5E4A4EB52B0AC23400C2D97A /* Detail */,
			);
			path = View;
			sourceTree = "<group>";
		};
		5E4A4EB42B0AC22900C2D97A /* Home */ = {
			isa = PBXGroup;
			children = (
				5E4A4EBC2B0AC4FD00C2D97A /* FooterView.swift */,
				5E4A4EBE2B0AC8BD00C2D97A /* NavigationBarView.swift */,
				5E4A4EC02B0ACA2300C2D97A /* LogoView.swift */,
				5E2588A52B0E892800C135C1 /* BanerView.swift */,
				5E2588A72B0E89DC00C135C1 /* BanerTabView.swift */,
				5E2588AD2B0EA24700C135C1 /* CategoryItemView.swift */,
				5E2588AF2B0EA45E00C135C1 /* CategoryGridView.swift */,
				5E2588B12B0EA6CF00C135C1 /* SectionView.swift */,
				5EEA64832B18795E00BBFFA8 /* TitleView.swift */,
				5EEA64892B187CB000BBFFA8 /* ProductItemView.swift */,
			);
			path = Home;
			sourceTree = "<group>";
		};
		5E4A4EB52B0AC23400C2D97A /* Detail */ = {
			isa = PBXGroup;
			children = (
				5EF819C32B267893007D928D /* NavigationBarDetailView.swift */,
				5EF819C52B2679A4007D928D /* HeaderDetailView.swift */,
				5EF819C72B267A60007D928D /* TopPartDetailView.swift */,
				5EF819CB2B268299007D928D /* RatingsDetailView.swift */,
				5EC8B49C2B39C3EA0019F2FE /* QuantityFavouriteDetailView.swift */,
				5EC8B49E2B39C61C0019F2FE /* AddToCartDetailView.swift */,
			);
			path = Detail;
			sourceTree = "<group>";
		};
		5E4A4EB62B0AC24000C2D97A /* Model */ = {
			isa = PBXGroup;
			children = (
				5E2588A12B0E874400C135C1 /* BanerModel.swift */,
				5E2588AB2B0EA11600C135C1 /* CategoryModel.swift */,
				5EEA64872B187C1C00BBFFA8 /* ProductModel.swift */,
			);
			path = Model;
			sourceTree = "<group>";
		};
		5E4A4EB72B0AC24D00C2D97A /* Extension */ = {
			isa = PBXGroup;
			children = (
				5E2588A32B0E879300C135C1 /* CodableBundleExtension.swift */,
			);
			path = Extension;
			sourceTree = "<group>";
		};
		5E4A4EB82B0AC25D00C2D97A /* Utility */ = {
			isa = PBXGroup;
			children = (
				5E4A4EBA2B0AC2E500C2D97A /* Constant.swift */,
				5EF819C92B267F90007D928D /* CustomShape.swift */,
			);
			path = Utility;
			sourceTree = "<group>";
		};
		5E4A4EB92B0AC28D00C2D97A /* Data */ = {
			isa = PBXGroup;
			children = (
				5EEA64852B187B5000BBFFA8 /* product.json */,
				5E2588A92B0EA0D900C135C1 /* category.json */,
				5E25889F2B0E83DF00C135C1 /* baner.json */,
			);
			path = Data;
			sourceTree = "<group>";
		};
/* End PBXGroup section */

/* Begin PBXNativeTarget section */
		5E4A4E9F2B0ABBF400C2D97A /* OnlineStoreApp */ = {
			isa = PBXNativeTarget;
			buildConfigurationList = 5E4A4EAE2B0ABBF500C2D97A /* Build configuration list for PBXNativeTarget "OnlineStoreApp" */;
			buildPhases = (
				5E4A4E9C2B0ABBF400C2D97A /* Sources */,
				5E4A4E9D2B0ABBF400C2D97A /* Frameworks */,
				5E4A4E9E2B0ABBF400C2D97A /* Resources */,
			);
			buildRules = (
			);
			dependencies = (
			);
			name = OnlineStoreApp;
			productName = OnlineStoreApp;
			productReference = 5E4A4EA02B0ABBF400C2D97A /* OnlineStoreApp.app */;
			productType = "com.apple.product-type.application";
		};
/* End PBXNativeTarget section */

/* Begin PBXProject section */
		5E4A4E982B0ABBF400C2D97A /* Project object */ = {
			isa = PBXProject;
			attributes = {
				BuildIndependentTargetsInParallel = 1;
				LastSwiftUpdateCheck = 1500;
				LastUpgradeCheck = 1500;
				TargetAttributes = {
					5E4A4E9F2B0ABBF400C2D97A = {
						CreatedOnToolsVersion = 15.0.1;
					};
				};
			};
			buildConfigurationList = 5E4A4E9B2B0ABBF400C2D97A /* Build configuration list for PBXProject "OnlineStoreApp" */;
			compatibilityVersion = "Xcode 14.0";
			developmentRegion = en;
			hasScannedForEncodings = 0;
			knownRegions = (
				en,
				Base,
			);
			mainGroup = 5E4A4E972B0ABBF400C2D97A;
			productRefGroup = 5E4A4EA12B0ABBF400C2D97A /* Products */;
			projectDirPath = "";
			projectRoot = "";
			targets = (
				5E4A4E9F2B0ABBF400C2D97A /* OnlineStoreApp */,
			);
		};
/* End PBXProject section */

/* Begin PBXResourcesBuildPhase section */
		5E4A4E9E2B0ABBF400C2D97A /* Resources */ = {
			isa = PBXResourcesBuildPhase;
			buildActionMask = 2147483647;
			files = (
				5E2588A02B0E83DF00C135C1 /* baner.json in Resources */,
				5E4A4EAB2B0ABBF500C2D97A /* Preview Assets.xcassets in Resources */,
				5E4A4EA82B0ABBF500C2D97A /* Assets.xcassets in Resources */,
				5E2588AA2B0EA0D900C135C1 /* category.json in Resources */,
				5EEA64862B187B5000BBFFA8 /* product.json in Resources */,
			);
			runOnlyForDeploymentPostprocessing = 0;
		};
/* End PBXResourcesBuildPhase section */

/* Begin PBXSourcesBuildPhase section */
		5E4A4E9C2B0ABBF400C2D97A /* Sources */ = {
			isa = PBXSourcesBuildPhase;
			buildActionMask = 2147483647;
			files = (
				5EF819C62B2679A4007D928D /* HeaderDetailView.swift in Sources */,
				5E2588A42B0E879300C135C1 /* CodableBundleExtension.swift in Sources */,
				5E4A4EA62B0ABBF400C2D97A /* ContentView.swift in Sources */,
				5E4A4EC12B0ACA2300C2D97A /* LogoView.swift in Sources */,
				5E2588A62B0E892800C135C1 /* BanerView.swift in Sources */,
				5E4A4EBD2B0AC4FD00C2D97A /* FooterView.swift in Sources */,
				5EEA648A2B187CB000BBFFA8 /* ProductItemView.swift in Sources */,
				5EF819C42B267893007D928D /* NavigationBarDetailView.swift in Sources */,
				5EF819C82B267A60007D928D /* TopPartDetailView.swift in Sources */,
				5EF819CC2B268299007D928D /* RatingsDetailView.swift in Sources */,
				5EC8B49D2B39C3EA0019F2FE /* QuantityFavouriteDetailView.swift in Sources */,
				5E4A4EA42B0ABBF400C2D97A /* OnlineStoreAppApp.swift in Sources */,
				5EF819CA2B267F90007D928D /* CustomShape.swift in Sources */,
				5EC8B49F2B39C61C0019F2FE /* AddToCartDetailView.swift in Sources */,
				5E4A4EBB2B0AC2E500C2D97A /* Constant.swift in Sources */,
				5E2588B02B0EA45E00C135C1 /* CategoryGridView.swift in Sources */,
				5E2588AC2B0EA11600C135C1 /* CategoryModel.swift in Sources */,
				5E2588A82B0E89DC00C135C1 /* BanerTabView.swift in Sources */,
				5E2588B22B0EA6CF00C135C1 /* SectionView.swift in Sources */,
				5E2588AE2B0EA24700C135C1 /* CategoryItemView.swift in Sources */,
				5E4A4EBF2B0AC8BD00C2D97A /* NavigationBarView.swift in Sources */,
				5E2588A22B0E874400C135C1 /* BanerModel.swift in Sources */,
				5EEA64842B18795E00BBFFA8 /* TitleView.swift in Sources */,
				5EEA64882B187C1C00BBFFA8 /* ProductModel.swift in Sources */,
				5EF819C22B267792007D928D /* ProductDetailView.swift in Sources */,
			);
			runOnlyForDeploymentPostprocessing = 0;
		};
/* End PBXSourcesBuildPhase section */

/* Begin XCBuildConfiguration section */
		5E4A4EAC2B0ABBF500C2D97A /* Debug */ = {
			isa = XCBuildConfiguration;
			buildSettings = {
				ALWAYS_SEARCH_USER_PATHS = NO;
				ASSETCATALOG_COMPILER_GENERATE_SWIFT_ASSET_SYMBOL_EXTENSIONS = YES;
				CLANG_ANALYZER_NONNULL = YES;
				CLANG_ANALYZER_NUMBER_OBJECT_CONVERSION = YES_AGGRESSIVE;
				CLANG_CXX_LANGUAGE_STANDARD = "gnu++20";
				CLANG_ENABLE_MODULES = YES;
				CLANG_ENABLE_OBJC_ARC = YES;
				CLANG_ENABLE_OBJC_WEAK = YES;
				CLANG_WARN_BLOCK_CAPTURE_AUTORELEASING = YES;
				CLANG_WARN_BOOL_CONVERSION = YES;
				CLANG_WARN_COMMA = YES;
				CLANG_WARN_CONSTANT_CONVERSION = YES;
				CLANG_WARN_DEPRECATED_OBJC_IMPLEMENTATIONS = YES;
				CLANG_WARN_DIRECT_OBJC_ISA_USAGE = YES_ERROR;
				CLANG_WARN_DOCUMENTATION_COMMENTS = YES;
				CLANG_WARN_EMPTY_BODY = YES;
				CLANG_WARN_ENUM_CONVERSION = YES;
				CLANG_WARN_INFINITE_RECURSION = YES;
				CLANG_WARN_INT_CONVERSION = YES;
				CLANG_WARN_NON_LITERAL_NULL_CONVERSION = YES;
				CLANG_WARN_OBJC_IMPLICIT_RETAIN_SELF = YES;
				CLANG_WARN_OBJC_LITERAL_CONVERSION = YES;
				CLANG_WARN_OBJC_ROOT_CLASS = YES_ERROR;
				CLANG_WARN_QUOTED_INCLUDE_IN_FRAMEWORK_HEADER = YES;
				CLANG_WARN_RANGE_LOOP_ANALYSIS = YES;
				CLANG_WARN_STRICT_PROTOTYPES = YES;
				CLANG_WARN_SUSPICIOUS_MOVE = YES;
				CLANG_WARN_UNGUARDED_AVAILABILITY = YES_AGGRESSIVE;
				CLANG_WARN_UNREACHABLE_CODE = YES;
				CLANG_WARN__DUPLICATE_METHOD_MATCH = YES;
				COPY_PHASE_STRIP = NO;
				DEBUG_INFORMATION_FORMAT = dwarf;
				ENABLE_STRICT_OBJC_MSGSEND = YES;
				ENABLE_TESTABILITY = YES;
				ENABLE_USER_SCRIPT_SANDBOXING = YES;
				GCC_C_LANGUAGE_STANDARD = gnu17;
				GCC_DYNAMIC_NO_PIC = NO;
				GCC_NO_COMMON_BLOCKS = YES;
				GCC_OPTIMIZATION_LEVEL = 0;
				GCC_PREPROCESSOR_DEFINITIONS = (
					"DEBUG=1",
					"$(inherited)",
				);
				GCC_WARN_64_TO_32_BIT_CONVERSION = YES;
				GCC_WARN_ABOUT_RETURN_TYPE = YES_ERROR;
				GCC_WARN_UNDECLARED_SELECTOR = YES;
				GCC_WARN_UNINITIALIZED_AUTOS = YES_AGGRESSIVE;
				GCC_WARN_UNUSED_FUNCTION = YES;
				GCC_WARN_UNUSED_VARIABLE = YES;
				IPHONEOS_DEPLOYMENT_TARGET = 17.0;
				LOCALIZATION_PREFERS_STRING_CATALOGS = YES;
				MTL_ENABLE_DEBUG_INFO = INCLUDE_SOURCE;
				MTL_FAST_MATH = YES;
				ONLY_ACTIVE_ARCH = YES;
				SDKROOT = iphoneos;
				SWIFT_ACTIVE_COMPILATION_CONDITIONS = "DEBUG $(inherited)";
				SWIFT_OPTIMIZATION_LEVEL = "-Onone";
			};
			name = Debug;
		};
		5E4A4EAD2B0ABBF500C2D97A /* Release */ = {
			isa = XCBuildConfiguration;
			buildSettings = {
				ALWAYS_SEARCH_USER_PATHS = NO;
				ASSETCATALOG_COMPILER_GENERATE_SWIFT_ASSET_SYMBOL_EXTENSIONS = YES;
				CLANG_ANALYZER_NONNULL = YES;
				CLANG_ANALYZER_NUMBER_OBJECT_CONVERSION = YES_AGGRESSIVE;
				CLANG_CXX_LANGUAGE_STANDARD = "gnu++20";
				CLANG_ENABLE_MODULES = YES;
				CLANG_ENABLE_OBJC_ARC = YES;
				CLANG_ENABLE_OBJC_WEAK = YES;
				CLANG_WARN_BLOCK_CAPTURE_AUTORELEASING = YES;
				CLANG_WARN_BOOL_CONVERSION = YES;
				CLANG_WARN_COMMA = YES;
				CLANG_WARN_CONSTANT_CONVERSION = YES;
				CLANG_WARN_DEPRECATED_OBJC_IMPLEMENTATIONS = YES;
				CLANG_WARN_DIRECT_OBJC_ISA_USAGE = YES_ERROR;
				CLANG_WARN_DOCUMENTATION_COMMENTS = YES;
				CLANG_WARN_EMPTY_BODY = YES;
				CLANG_WARN_ENUM_CONVERSION = YES;
				CLANG_WARN_INFINITE_RECURSION = YES;
				CLANG_WARN_INT_CONVERSION = YES;
				CLANG_WARN_NON_LITERAL_NULL_CONVERSION = YES;
				CLANG_WARN_OBJC_IMPLICIT_RETAIN_SELF = YES;
				CLANG_WARN_OBJC_LITERAL_CONVERSION = YES;
				CLANG_WARN_OBJC_ROOT_CLASS = YES_ERROR;
				CLANG_WARN_QUOTED_INCLUDE_IN_FRAMEWORK_HEADER = YES;
				CLANG_WARN_RANGE_LOOP_ANALYSIS = YES;
				CLANG_WARN_STRICT_PROTOTYPES = YES;
				CLANG_WARN_SUSPICIOUS_MOVE = YES;
				CLANG_WARN_UNGUARDED_AVAILABILITY = YES_AGGRESSIVE;
				CLANG_WARN_UNREACHABLE_CODE = YES;
				CLANG_WARN__DUPLICATE_METHOD_MATCH = YES;
				COPY_PHASE_STRIP = NO;
				DEBUG_INFORMATION_FORMAT = "dwarf-with-dsym";
				ENABLE_NS_ASSERTIONS = NO;
				ENABLE_STRICT_OBJC_MSGSEND = YES;
				ENABLE_USER_SCRIPT_SANDBOXING = YES;
				GCC_C_LANGUAGE_STANDARD = gnu17;
				GCC_NO_COMMON_BLOCKS = YES;
				GCC_WARN_64_TO_32_BIT_CONVERSION = YES;
				GCC_WARN_ABOUT_RETURN_TYPE = YES_ERROR;
				GCC_WARN_UNDECLARED_SELECTOR = YES;
				GCC_WARN_UNINITIALIZED_AUTOS = YES_AGGRESSIVE;
				GCC_WARN_UNUSED_FUNCTION = YES;
				GCC_WARN_UNUSED_VARIABLE = YES;
				IPHONEOS_DEPLOYMENT_TARGET = 17.0;
				LOCALIZATION_PREFERS_STRING_CATALOGS = YES;
				MTL_ENABLE_DEBUG_INFO = NO;
				MTL_FAST_MATH = YES;
				SDKROOT = iphoneos;
				SWIFT_COMPILATION_MODE = wholemodule;
				VALIDATE_PRODUCT = YES;
			};
			name = Release;
		};
		5E4A4EAF2B0ABBF500C2D97A /* Debug */ = {
			isa = XCBuildConfiguration;
			buildSettings = {
				ASSETCATALOG_COMPILER_APPICON_NAME = AppIcon;
				ASSETCATALOG_COMPILER_GLOBAL_ACCENT_COLOR_NAME = AccentColor;
				CODE_SIGN_STYLE = Automatic;
				CURRENT_PROJECT_VERSION = 1;
				DEVELOPMENT_ASSET_PATHS = "\"OnlineStoreApp/Preview Content\"";
				DEVELOPMENT_TEAM = 5H4L2XMW7V;
				ENABLE_PREVIEWS = YES;
				GENERATE_INFOPLIST_FILE = YES;
				INFOPLIST_FILE = OnlineStoreApp/Info.plist;
				INFOPLIST_KEY_UIApplicationSceneManifest_Generation = YES;
				INFOPLIST_KEY_UIApplicationSupportsIndirectInputEvents = YES;
				INFOPLIST_KEY_UISupportedInterfaceOrientations = UIInterfaceOrientationPortrait;
				INFOPLIST_KEY_UIUserInterfaceStyle = Light;
				LD_RUNPATH_SEARCH_PATHS = (
					"$(inherited)",
					"@executable_path/Frameworks",
				);
				MARKETING_VERSION = 1.0;
				PRODUCT_BUNDLE_IDENTIFIER = com.kuba.OnlineStoreApp;
				PRODUCT_NAME = "$(TARGET_NAME)";
				SWIFT_EMIT_LOC_STRINGS = YES;
				SWIFT_VERSION = 5.0;
				TARGETED_DEVICE_FAMILY = "1,2";
			};
			name = Debug;
		};
		5E4A4EB02B0ABBF500C2D97A /* Release */ = {
			isa = XCBuildConfiguration;
			buildSettings = {
				ASSETCATALOG_COMPILER_APPICON_NAME = AppIcon;
				ASSETCATALOG_COMPILER_GLOBAL_ACCENT_COLOR_NAME = AccentColor;
				CODE_SIGN_STYLE = Automatic;
				CURRENT_PROJECT_VERSION = 1;
				DEVELOPMENT_ASSET_PATHS = "\"OnlineStoreApp/Preview Content\"";
				DEVELOPMENT_TEAM = 5H4L2XMW7V;
				ENABLE_PREVIEWS = YES;
				GENERATE_INFOPLIST_FILE = YES;
				INFOPLIST_FILE = OnlineStoreApp/Info.plist;
				INFOPLIST_KEY_UIApplicationSceneManifest_Generation = YES;
				INFOPLIST_KEY_UIApplicationSupportsIndirectInputEvents = YES;
				INFOPLIST_KEY_UISupportedInterfaceOrientations = UIInterfaceOrientationPortrait;
				INFOPLIST_KEY_UIUserInterfaceStyle = Light;
				LD_RUNPATH_SEARCH_PATHS = (
					"$(inherited)",
					"@executable_path/Frameworks",
				);
				MARKETING_VERSION = 1.0;
				PRODUCT_BUNDLE_IDENTIFIER = com.kuba.OnlineStoreApp;
				PRODUCT_NAME = "$(TARGET_NAME)";
				SWIFT_EMIT_LOC_STRINGS = YES;
				SWIFT_VERSION = 5.0;
				TARGETED_DEVICE_FAMILY = "1,2";
			};
			name = Release;
		};
/* End XCBuildConfiguration section */

/* Begin XCConfigurationList section */
		5E4A4E9B2B0ABBF400C2D97A /* Build configuration list for PBXProject "OnlineStoreApp" */ = {
			isa = XCConfigurationList;
			buildConfigurations = (
				5E4A4EAC2B0ABBF500C2D97A /* Debug */,
				5E4A4EAD2B0ABBF500C2D97A /* Release */,
			);
			defaultConfigurationIsVisible = 0;
			defaultConfigurationName = Release;
		};
		5E4A4EAE2B0ABBF500C2D97A /* Build configuration list for PBXNativeTarget "OnlineStoreApp" */ = {
			isa = XCConfigurationList;
			buildConfigurations = (
				5E4A4EAF2B0ABBF500C2D97A /* Debug */,
				5E4A4EB02B0ABBF500C2D97A /* Release */,
			);
			defaultConfigurationIsVisible = 0;
			defaultConfigurationName = Release;
		};
/* End XCConfigurationList section */
	};
	rootObject = 5E4A4E982B0ABBF400C2D97A /* Project object */;
}
